
Microsoft Visual Studio Solution File, Format Version 12.00
Project("{FAE04EC0-301F-11D3-BF4B-00C04F79EFBC}") = "Library", "Library\Library.csproj", "{CF600C9E-A2F1-4DCD-B620-2C7C8C333F5B}"
EndProject
Global
	GlobalSection(SolutionConfigurationPlatforms) = preSolution
		Debug|Any CPU = Debug|Any CPU
		Release|Any CPU = Release|Any CPU
	EndGlobalSection
	GlobalSection(ProjectConfigurationPlatforms) = postSolution
		{CF600C9E-A2F1-4DCD-B620-2C7C8C333F5B}.Debug|Any CPU.ActiveCfg = Debug|Any CPU
		{CF600C9E-A2F1-4DCD-B620-2C7C8C333F5B}.Debug|Any CPU.Build.0 = Debug|Any CPU
		{CF600C9E-A2F1-4DCD-B620-2C7C8C333F5B}.Release|Any CPU.ActiveCfg = Release|Any CPU
		{CF600C9E-A2F1-4DCD-B620-2C7C8C333F5B}.Release|Any CPU.Build.0 = Release|Any CPU
	EndGlobalSection
EndGlobal
